// !$*UTF8*$!
{
	archiveVersion = 1;
	classes = {
	};
	objectVersion = 50;
	objects = {

/* Begin PBXBuildFile section */
		859C9F9A261717D6003D5BF4 /* CraftListApp.swift in Sources */ = {isa = PBXBuildFile; fileRef = 859C9F99261717D6003D5BF4 /* CraftListApp.swift */; };
		859C9F9C261717D6003D5BF4 /* ProjectListView.swift in Sources */ = {isa = PBXBuildFile; fileRef = 859C9F9B261717D6003D5BF4 /* ProjectListView.swift */; };
		859C9F9E261717D8003D5BF4 /* Assets.xcassets in Resources */ = {isa = PBXBuildFile; fileRef = 859C9F9D261717D8003D5BF4 /* Assets.xcassets */; };
		859C9FA1261717D8003D5BF4 /* Preview Assets.xcassets in Resources */ = {isa = PBXBuildFile; fileRef = 859C9FA0261717D8003D5BF4 /* Preview Assets.xcassets */; };
		859C9FA3261717D8003D5BF4 /* Persistence.swift in Sources */ = {isa = PBXBuildFile; fileRef = 859C9FA2261717D8003D5BF4 /* Persistence.swift */; };
		859C9FA6261717D8003D5BF4 /* CraftList.xcdatamodeld in Sources */ = {isa = PBXBuildFile; fileRef = 859C9FA4261717D8003D5BF4 /* CraftList.xcdatamodeld */; };
		859C9FB1261717D8003D5BF4 /* MockDataStore.swift in Sources */ = {isa = PBXBuildFile; fileRef = 859C9FB0261717D8003D5BF4 /* MockDataStore.swift */; };
		859C9FBC261717D8003D5BF4 /* CraftListUITests.swift in Sources */ = {isa = PBXBuildFile; fileRef = 859C9FBB261717D8003D5BF4 /* CraftListUITests.swift */; };
		859C9FCD26171A0F003D5BF4 /* AddProjectView.swift in Sources */ = {isa = PBXBuildFile; fileRef = 859C9FCC26171A0F003D5BF4 /* AddProjectView.swift */; };
		859C9FD6261724E5003D5BF4 /* AddProjectViewModel.swift in Sources */ = {isa = PBXBuildFile; fileRef = 859C9FD5261724E5003D5BF4 /* AddProjectViewModel.swift */; };
		859C9FE8261729B2003D5BF4 /* ProjectListItemView.swift in Sources */ = {isa = PBXBuildFile; fileRef = 859C9FE7261729B2003D5BF4 /* ProjectListItemView.swift */; };
		859C9FED26172D35003D5BF4 /* ProjectListItemViewModel.swift in Sources */ = {isa = PBXBuildFile; fileRef = 859C9FEC26172D35003D5BF4 /* ProjectListItemViewModel.swift */; };
		859C9FF826172EA1003D5BF4 /* ProjectListViewModel.swift in Sources */ = {isa = PBXBuildFile; fileRef = 859C9FF726172EA1003D5BF4 /* ProjectListViewModel.swift */; };
		859CA00126173A56003D5BF4 /* ProjectDetailsViewModel.swift in Sources */ = {isa = PBXBuildFile; fileRef = 859CA00026173A56003D5BF4 /* ProjectDetailsViewModel.swift */; };
		859CA00626173A76003D5BF4 /* ProjectDetailsView.swift in Sources */ = {isa = PBXBuildFile; fileRef = 859CA00526173A76003D5BF4 /* ProjectDetailsView.swift */; };
		859CA01226185941003D5BF4 /* DataStore.swift in Sources */ = {isa = PBXBuildFile; fileRef = 859CA01126185941003D5BF4 /* DataStore.swift */; };
		859CA01A2618603A003D5BF4 /* ProjectData.swift in Sources */ = {isa = PBXBuildFile; fileRef = 859CA0192618603A003D5BF4 /* ProjectData.swift */; };
		859CA02326187816003D5BF4 /* ProjectService.swift in Sources */ = {isa = PBXBuildFile; fileRef = 859CA02226187816003D5BF4 /* ProjectService.swift */; };
		859CA02B2618783B003D5BF4 /* ProjectTransformer.swift in Sources */ = {isa = PBXBuildFile; fileRef = 859CA02A2618783B003D5BF4 /* ProjectTransformer.swift */; };
		859CA03126187D0E003D5BF4 /* DateFormatter+Extensions.swift in Sources */ = {isa = PBXBuildFile; fileRef = 859CA03026187D0E003D5BF4 /* DateFormatter+Extensions.swift */; };
		859CA03C2618A83E003D5BF4 /* ProjectModel.swift in Sources */ = {isa = PBXBuildFile; fileRef = 859CA03B2618A83E003D5BF4 /* ProjectModel.swift */; };
		859CA0432618E674003D5BF4 /* EditNameView.swift in Sources */ = {isa = PBXBuildFile; fileRef = 859CA0422618E673003D5BF4 /* EditNameView.swift */; };
		859CA0542619BC28003D5BF4 /* EditNameViewModel.swift in Sources */ = {isa = PBXBuildFile; fileRef = 859CA0532619BC28003D5BF4 /* EditNameViewModel.swift */; };
		859CA05A2619C0C5003D5BF4 /* EditDateViewModel.swift in Sources */ = {isa = PBXBuildFile; fileRef = 859CA0592619C0C5003D5BF4 /* EditDateViewModel.swift */; };
		859CA05F2619C641003D5BF4 /* EditDateView.swift in Sources */ = {isa = PBXBuildFile; fileRef = 859CA05E2619C641003D5BF4 /* EditDateView.swift */; };
		859CA0652619D700003D5BF4 /* ProjectServiceTests.swift in Sources */ = {isa = PBXBuildFile; fileRef = 859CA0642619D6FF003D5BF4 /* ProjectServiceTests.swift */; };
		859CA076261AF8F6003D5BF4 /* EditNameViewModelTests.swift in Sources */ = {isa = PBXBuildFile; fileRef = 859CA075261AF8F6003D5BF4 /* EditNameViewModelTests.swift */; };
		859CA07E261AFE1F003D5BF4 /* MockProjectService.swift in Sources */ = {isa = PBXBuildFile; fileRef = 859CA07D261AFE1F003D5BF4 /* MockProjectService.swift */; };
		859CA088261AFEC4003D5BF4 /* EditDateViewModelTests.swift in Sources */ = {isa = PBXBuildFile; fileRef = 859CA087261AFEC4003D5BF4 /* EditDateViewModelTests.swift */; };
		859CA090261B023E003D5BF4 /* ProjectDetailsViewModelTests.swift in Sources */ = {isa = PBXBuildFile; fileRef = 859CA08F261B023E003D5BF4 /* ProjectDetailsViewModelTests.swift */; };
		85F5A6DC261B0DA200FE8329 /* ProjectListViewModelTests.swift in Sources */ = {isa = PBXBuildFile; fileRef = 85F5A6DB261B0DA200FE8329 /* ProjectListViewModelTests.swift */; };
/* End PBXBuildFile section */

/* Begin PBXContainerItemProxy section */
		859C9FAD261717D8003D5BF4 /* PBXContainerItemProxy */ = {
			isa = PBXContainerItemProxy;
			containerPortal = 859C9F8E261717D6003D5BF4 /* Project object */;
			proxyType = 1;
			remoteGlobalIDString = 859C9F95261717D6003D5BF4;
			remoteInfo = CraftList;
		};
		859C9FB8261717D8003D5BF4 /* PBXContainerItemProxy */ = {
			isa = PBXContainerItemProxy;
			containerPortal = 859C9F8E261717D6003D5BF4 /* Project object */;
			proxyType = 1;
			remoteGlobalIDString = 859C9F95261717D6003D5BF4;
			remoteInfo = CraftList;
		};
/* End PBXContainerItemProxy section */

/* Begin PBXFileReference section */
		859C9F96261717D6003D5BF4 /* CraftList.app */ = {isa = PBXFileReference; explicitFileType = wrapper.application; includeInIndex = 0; path = CraftList.app; sourceTree = BUILT_PRODUCTS_DIR; };
		859C9F99261717D6003D5BF4 /* CraftListApp.swift */ = {isa = PBXFileReference; lastKnownFileType = sourcecode.swift; path = CraftListApp.swift; sourceTree = "<group>"; };
		859C9F9B261717D6003D5BF4 /* ProjectListView.swift */ = {isa = PBXFileReference; lastKnownFileType = sourcecode.swift; path = ProjectListView.swift; sourceTree = "<group>"; };
		859C9F9D261717D8003D5BF4 /* Assets.xcassets */ = {isa = PBXFileReference; lastKnownFileType = folder.assetcatalog; path = Assets.xcassets; sourceTree = "<group>"; };
		859C9FA0261717D8003D5BF4 /* Preview Assets.xcassets */ = {isa = PBXFileReference; lastKnownFileType = folder.assetcatalog; path = "Preview Assets.xcassets"; sourceTree = "<group>"; };
		859C9FA2261717D8003D5BF4 /* Persistence.swift */ = {isa = PBXFileReference; lastKnownFileType = sourcecode.swift; path = Persistence.swift; sourceTree = "<group>"; };
		859C9FA5261717D8003D5BF4 /* CraftList.xcdatamodel */ = {isa = PBXFileReference; lastKnownFileType = wrapper.xcdatamodel; path = CraftList.xcdatamodel; sourceTree = "<group>"; };
		859C9FA7261717D8003D5BF4 /* Info.plist */ = {isa = PBXFileReference; lastKnownFileType = text.plist.xml; path = Info.plist; sourceTree = "<group>"; };
		859C9FAC261717D8003D5BF4 /* CraftListTests.xctest */ = {isa = PBXFileReference; explicitFileType = wrapper.cfbundle; includeInIndex = 0; path = CraftListTests.xctest; sourceTree = BUILT_PRODUCTS_DIR; };
		859C9FB0261717D8003D5BF4 /* MockDataStore.swift */ = {isa = PBXFileReference; lastKnownFileType = sourcecode.swift; path = MockDataStore.swift; sourceTree = "<group>"; };
		859C9FB2261717D8003D5BF4 /* Info.plist */ = {isa = PBXFileReference; lastKnownFileType = text.plist.xml; path = Info.plist; sourceTree = "<group>"; };
		859C9FB7261717D8003D5BF4 /* CraftListUITests.xctest */ = {isa = PBXFileReference; explicitFileType = wrapper.cfbundle; includeInIndex = 0; path = CraftListUITests.xctest; sourceTree = BUILT_PRODUCTS_DIR; };
		859C9FBB261717D8003D5BF4 /* CraftListUITests.swift */ = {isa = PBXFileReference; lastKnownFileType = sourcecode.swift; path = CraftListUITests.swift; sourceTree = "<group>"; };
		859C9FBD261717D8003D5BF4 /* Info.plist */ = {isa = PBXFileReference; lastKnownFileType = text.plist.xml; path = Info.plist; sourceTree = "<group>"; };
		859C9FCC26171A0F003D5BF4 /* AddProjectView.swift */ = {isa = PBXFileReference; lastKnownFileType = sourcecode.swift; path = AddProjectView.swift; sourceTree = "<group>"; };
		859C9FD5261724E5003D5BF4 /* AddProjectViewModel.swift */ = {isa = PBXFileReference; lastKnownFileType = sourcecode.swift; path = AddProjectViewModel.swift; sourceTree = "<group>"; };
		859C9FE7261729B2003D5BF4 /* ProjectListItemView.swift */ = {isa = PBXFileReference; lastKnownFileType = sourcecode.swift; path = ProjectListItemView.swift; sourceTree = "<group>"; };
		859C9FEC26172D35003D5BF4 /* ProjectListItemViewModel.swift */ = {isa = PBXFileReference; lastKnownFileType = sourcecode.swift; path = ProjectListItemViewModel.swift; sourceTree = "<group>"; };
		859C9FF726172EA1003D5BF4 /* ProjectListViewModel.swift */ = {isa = PBXFileReference; lastKnownFileType = sourcecode.swift; path = ProjectListViewModel.swift; sourceTree = "<group>"; };
		859CA00026173A56003D5BF4 /* ProjectDetailsViewModel.swift */ = {isa = PBXFileReference; lastKnownFileType = sourcecode.swift; path = ProjectDetailsViewModel.swift; sourceTree = "<group>"; };
		859CA00526173A76003D5BF4 /* ProjectDetailsView.swift */ = {isa = PBXFileReference; lastKnownFileType = sourcecode.swift; path = ProjectDetailsView.swift; sourceTree = "<group>"; };
		859CA01126185941003D5BF4 /* DataStore.swift */ = {isa = PBXFileReference; lastKnownFileType = sourcecode.swift; path = DataStore.swift; sourceTree = "<group>"; };
		859CA0192618603A003D5BF4 /* ProjectData.swift */ = {isa = PBXFileReference; lastKnownFileType = sourcecode.swift; path = ProjectData.swift; sourceTree = "<group>"; };
		859CA02226187816003D5BF4 /* ProjectService.swift */ = {isa = PBXFileReference; lastKnownFileType = sourcecode.swift; path = ProjectService.swift; sourceTree = "<group>"; };
		859CA02A2618783B003D5BF4 /* ProjectTransformer.swift */ = {isa = PBXFileReference; lastKnownFileType = sourcecode.swift; path = ProjectTransformer.swift; sourceTree = "<group>"; };
		859CA03026187D0E003D5BF4 /* DateFormatter+Extensions.swift */ = {isa = PBXFileReference; lastKnownFileType = sourcecode.swift; path = "DateFormatter+Extensions.swift"; sourceTree = "<group>"; };
		859CA03B2618A83E003D5BF4 /* ProjectModel.swift */ = {isa = PBXFileReference; lastKnownFileType = sourcecode.swift; path = ProjectModel.swift; sourceTree = "<group>"; };
		859CA0422618E673003D5BF4 /* EditNameView.swift */ = {isa = PBXFileReference; lastKnownFileType = sourcecode.swift; path = EditNameView.swift; sourceTree = "<group>"; };
		859CA0532619BC28003D5BF4 /* EditNameViewModel.swift */ = {isa = PBXFileReference; lastKnownFileType = sourcecode.swift; path = EditNameViewModel.swift; sourceTree = "<group>"; };
		859CA0592619C0C5003D5BF4 /* EditDateViewModel.swift */ = {isa = PBXFileReference; lastKnownFileType = sourcecode.swift; path = EditDateViewModel.swift; sourceTree = "<group>"; };
		859CA05E2619C641003D5BF4 /* EditDateView.swift */ = {isa = PBXFileReference; lastKnownFileType = sourcecode.swift; path = EditDateView.swift; sourceTree = "<group>"; };
		859CA0642619D6FF003D5BF4 /* ProjectServiceTests.swift */ = {isa = PBXFileReference; lastKnownFileType = sourcecode.swift; path = ProjectServiceTests.swift; sourceTree = "<group>"; };
		859CA075261AF8F6003D5BF4 /* EditNameViewModelTests.swift */ = {isa = PBXFileReference; lastKnownFileType = sourcecode.swift; path = EditNameViewModelTests.swift; sourceTree = "<group>"; };
		859CA07D261AFE1F003D5BF4 /* MockProjectService.swift */ = {isa = PBXFileReference; lastKnownFileType = sourcecode.swift; path = MockProjectService.swift; sourceTree = "<group>"; };
		859CA087261AFEC4003D5BF4 /* EditDateViewModelTests.swift */ = {isa = PBXFileReference; lastKnownFileType = sourcecode.swift; path = EditDateViewModelTests.swift; sourceTree = "<group>"; };
		859CA08F261B023E003D5BF4 /* ProjectDetailsViewModelTests.swift */ = {isa = PBXFileReference; lastKnownFileType = sourcecode.swift; path = ProjectDetailsViewModelTests.swift; sourceTree = "<group>"; };
		85F5A6DB261B0DA200FE8329 /* ProjectListViewModelTests.swift */ = {isa = PBXFileReference; lastKnownFileType = sourcecode.swift; path = ProjectListViewModelTests.swift; sourceTree = "<group>"; };
/* End PBXFileReference section */

/* Begin PBXFrameworksBuildPhase section */
		859C9F93261717D6003D5BF4 /* Frameworks */ = {
			isa = PBXFrameworksBuildPhase;
			buildActionMask = 2147483647;
			files = (
			);
			runOnlyForDeploymentPostprocessing = 0;
		};
		859C9FA9261717D8003D5BF4 /* Frameworks */ = {
			isa = PBXFrameworksBuildPhase;
			buildActionMask = 2147483647;
			files = (
			);
			runOnlyForDeploymentPostprocessing = 0;
		};
		859C9FB4261717D8003D5BF4 /* Frameworks */ = {
			isa = PBXFrameworksBuildPhase;
			buildActionMask = 2147483647;
			files = (
			);
			runOnlyForDeploymentPostprocessing = 0;
		};
/* End PBXFrameworksBuildPhase section */

/* Begin PBXGroup section */
		859C9F8D261717D6003D5BF4 = {
			isa = PBXGroup;
			children = (
				859C9F98261717D6003D5BF4 /* CraftList */,
				859C9FAF261717D8003D5BF4 /* CraftListTests */,
				859C9FBA261717D8003D5BF4 /* CraftListUITests */,
				859C9F97261717D6003D5BF4 /* Products */,
			);
			sourceTree = "<group>";
		};
		859C9F97261717D6003D5BF4 /* Products */ = {
			isa = PBXGroup;
			children = (
				859C9F96261717D6003D5BF4 /* CraftList.app */,
				859C9FAC261717D8003D5BF4 /* CraftListTests.xctest */,
				859C9FB7261717D8003D5BF4 /* CraftListUITests.xctest */,
			);
			name = Products;
			sourceTree = "<group>";
		};
		859C9F98261717D6003D5BF4 /* CraftList */ = {
			isa = PBXGroup;
			children = (
				859CA02F26187D03003D5BF4 /* Utils */,
				859CA02126187808003D5BF4 /* Service */,
				859CA01026185927003D5BF4 /* Data */,
				859CA00F2618590C003D5BF4 /* View */,
				859C9F99261717D6003D5BF4 /* CraftListApp.swift */,
				859C9F9D261717D8003D5BF4 /* Assets.xcassets */,
				859C9FA2261717D8003D5BF4 /* Persistence.swift */,
				859C9FA7261717D8003D5BF4 /* Info.plist */,
				859C9FA4261717D8003D5BF4 /* CraftList.xcdatamodeld */,
				859C9F9F261717D8003D5BF4 /* Preview Content */,
			);
			path = CraftList;
			sourceTree = "<group>";
		};
		859C9F9F261717D8003D5BF4 /* Preview Content */ = {
			isa = PBXGroup;
			children = (
				859C9FA0261717D8003D5BF4 /* Preview Assets.xcassets */,
			);
			path = "Preview Content";
			sourceTree = "<group>";
		};
		859C9FAF261717D8003D5BF4 /* CraftListTests */ = {
			isa = PBXGroup;
			children = (
				859CA082261AFE25003D5BF4 /* Mocks */,
				859CA072261AF8D9003D5BF4 /* View */,
				859CA0632619D6DF003D5BF4 /* Service */,
				859C9FB2261717D8003D5BF4 /* Info.plist */,
			);
			path = CraftListTests;
			sourceTree = "<group>";
		};
		859C9FBA261717D8003D5BF4 /* CraftListUITests */ = {
			isa = PBXGroup;
			children = (
				859C9FBB261717D8003D5BF4 /* CraftListUITests.swift */,
				859C9FBD261717D8003D5BF4 /* Info.plist */,
			);
			path = CraftListUITests;
			sourceTree = "<group>";
		};
		859C9FD4261724D4003D5BF4 /* Add Project */ = {
			isa = PBXGroup;
			children = (
				859C9FCC26171A0F003D5BF4 /* AddProjectView.swift */,
				859C9FD5261724E5003D5BF4 /* AddProjectViewModel.swift */,
			);
			path = "Add Project";
			sourceTree = "<group>";
		};
		859C9FE6261729A0003D5BF4 /* Project List */ = {
			isa = PBXGroup;
			children = (
				859C9F9B261717D6003D5BF4 /* ProjectListView.swift */,
				859C9FE7261729B2003D5BF4 /* ProjectListItemView.swift */,
				859C9FEC26172D35003D5BF4 /* ProjectListItemViewModel.swift */,
				859C9FF726172EA1003D5BF4 /* ProjectListViewModel.swift */,
			);
			path = "Project List";
			sourceTree = "<group>";
		};
		859C9FFF26173A48003D5BF4 /* Project Details */ = {
			isa = PBXGroup;
			children = (
				859CA0582619C0BA003D5BF4 /* Edit Date */,
				859CA0412618E663003D5BF4 /* Edit Name */,
				859CA00026173A56003D5BF4 /* ProjectDetailsViewModel.swift */,
				859CA00526173A76003D5BF4 /* ProjectDetailsView.swift */,
			);
			path = "Project Details";
			sourceTree = "<group>";
		};
		859CA00F2618590C003D5BF4 /* View */ = {
			isa = PBXGroup;
			children = (
				859C9FD4261724D4003D5BF4 /* Add Project */,
				859C9FFF26173A48003D5BF4 /* Project Details */,
				859C9FE6261729A0003D5BF4 /* Project List */,
			);
			path = View;
			sourceTree = "<group>";
		};
		859CA01026185927003D5BF4 /* Data */ = {
			isa = PBXGroup;
			children = (
				859CA01126185941003D5BF4 /* DataStore.swift */,
				859CA0192618603A003D5BF4 /* ProjectData.swift */,
				859CA02A2618783B003D5BF4 /* ProjectTransformer.swift */,
			);
			path = Data;
			sourceTree = "<group>";
		};
		859CA02126187808003D5BF4 /* Service */ = {
			isa = PBXGroup;
			children = (
				859CA02226187816003D5BF4 /* ProjectService.swift */,
				859CA03B2618A83E003D5BF4 /* ProjectModel.swift */,
			);
			path = Service;
			sourceTree = "<group>";
		};
		859CA02F26187D03003D5BF4 /* Utils */ = {
			isa = PBXGroup;
			children = (
				859CA03026187D0E003D5BF4 /* DateFormatter+Extensions.swift */,
			);
			path = Utils;
			sourceTree = "<group>";
		};
		859CA0412618E663003D5BF4 /* Edit Name */ = {
			isa = PBXGroup;
			children = (
				859CA0422618E673003D5BF4 /* EditNameView.swift */,
				859CA0532619BC28003D5BF4 /* EditNameViewModel.swift */,
			);
			path = "Edit Name";
			sourceTree = "<group>";
		};
		859CA0582619C0BA003D5BF4 /* Edit Date */ = {
			isa = PBXGroup;
			children = (
				859CA0592619C0C5003D5BF4 /* EditDateViewModel.swift */,
				859CA05E2619C641003D5BF4 /* EditDateView.swift */,
			);
			path = "Edit Date";
			sourceTree = "<group>";
		};
		859CA0632619D6DF003D5BF4 /* Service */ = {
			isa = PBXGroup;
			children = (
				859CA0642619D6FF003D5BF4 /* ProjectServiceTests.swift */,
			);
			path = Service;
			sourceTree = "<group>";
		};
		859CA072261AF8D9003D5BF4 /* View */ = {
			isa = PBXGroup;
			children = (
				85F5A6D7261B0A8D00FE8329 /* Project List */,
				859CA073261AF8DF003D5BF4 /* Project Details */,
			);
			path = View;
			sourceTree = "<group>";
		};
		859CA073261AF8DF003D5BF4 /* Project Details */ = {
			isa = PBXGroup;
			children = (
				859CA086261AFEB6003D5BF4 /* Edit Date */,
				859CA074261AF8E5003D5BF4 /* Edit Name */,
				859CA08F261B023E003D5BF4 /* ProjectDetailsViewModelTests.swift */,
			);
			path = "Project Details";
			sourceTree = "<group>";
		};
		859CA074261AF8E5003D5BF4 /* Edit Name */ = {
			isa = PBXGroup;
			children = (
				859CA075261AF8F6003D5BF4 /* EditNameViewModelTests.swift */,
			);
			path = "Edit Name";
			sourceTree = "<group>";
		};
		859CA082261AFE25003D5BF4 /* Mocks */ = {
			isa = PBXGroup;
			children = (
				859CA07D261AFE1F003D5BF4 /* MockProjectService.swift */,
				859C9FB0261717D8003D5BF4 /* MockDataStore.swift */,
			);
			path = Mocks;
			sourceTree = "<group>";
		};
		859CA086261AFEB6003D5BF4 /* Edit Date */ = {
			isa = PBXGroup;
			children = (
				859CA087261AFEC4003D5BF4 /* EditDateViewModelTests.swift */,
			);
			path = "Edit Date";
			sourceTree = "<group>";
		};
		85F5A6D7261B0A8D00FE8329 /* Project List */ = {
			isa = PBXGroup;
			children = (
				85F5A6DB261B0DA200FE8329 /* ProjectListViewModelTests.swift */,
			);
			path = "Project List";
			sourceTree = "<group>";
		};
/* End PBXGroup section */

/* Begin PBXNativeTarget section */
		859C9F95261717D6003D5BF4 /* CraftList */ = {
			isa = PBXNativeTarget;
			buildConfigurationList = 859C9FC0261717D8003D5BF4 /* Build configuration list for PBXNativeTarget "CraftList" */;
			buildPhases = (
				859C9F92261717D6003D5BF4 /* Sources */,
				859C9F93261717D6003D5BF4 /* Frameworks */,
				859C9F94261717D6003D5BF4 /* Resources */,
			);
			buildRules = (
			);
			dependencies = (
			);
			name = CraftList;
			productName = CraftList;
			productReference = 859C9F96261717D6003D5BF4 /* CraftList.app */;
			productType = "com.apple.product-type.application";
		};
		859C9FAB261717D8003D5BF4 /* CraftListTests */ = {
			isa = PBXNativeTarget;
			buildConfigurationList = 859C9FC3261717D8003D5BF4 /* Build configuration list for PBXNativeTarget "CraftListTests" */;
			buildPhases = (
				859C9FA8261717D8003D5BF4 /* Sources */,
				859C9FA9261717D8003D5BF4 /* Frameworks */,
				859C9FAA261717D8003D5BF4 /* Resources */,
			);
			buildRules = (
			);
			dependencies = (
				859C9FAE261717D8003D5BF4 /* PBXTargetDependency */,
			);
			name = CraftListTests;
			productName = CraftListTests;
			productReference = 859C9FAC261717D8003D5BF4 /* CraftListTests.xctest */;
			productType = "com.apple.product-type.bundle.unit-test";
		};
		859C9FB6261717D8003D5BF4 /* CraftListUITests */ = {
			isa = PBXNativeTarget;
			buildConfigurationList = 859C9FC6261717D8003D5BF4 /* Build configuration list for PBXNativeTarget "CraftListUITests" */;
			buildPhases = (
				859C9FB3261717D8003D5BF4 /* Sources */,
				859C9FB4261717D8003D5BF4 /* Frameworks */,
				859C9FB5261717D8003D5BF4 /* Resources */,
			);
			buildRules = (
			);
			dependencies = (
				859C9FB9261717D8003D5BF4 /* PBXTargetDependency */,
			);
			name = CraftListUITests;
			productName = CraftListUITests;
			productReference = 859C9FB7261717D8003D5BF4 /* CraftListUITests.xctest */;
			productType = "com.apple.product-type.bundle.ui-testing";
		};
/* End PBXNativeTarget section */

/* Begin PBXProject section */
		859C9F8E261717D6003D5BF4 /* Project object */ = {
			isa = PBXProject;
			attributes = {
				LastSwiftUpdateCheck = 1230;
				LastUpgradeCheck = 1230;
				TargetAttributes = {
					859C9F95261717D6003D5BF4 = {
						CreatedOnToolsVersion = 12.3;
					};
					859C9FAB261717D8003D5BF4 = {
						CreatedOnToolsVersion = 12.3;
						TestTargetID = 859C9F95261717D6003D5BF4;
					};
					859C9FB6261717D8003D5BF4 = {
						CreatedOnToolsVersion = 12.3;
						TestTargetID = 859C9F95261717D6003D5BF4;
					};
				};
			};
			buildConfigurationList = 859C9F91261717D6003D5BF4 /* Build configuration list for PBXProject "CraftList" */;
			compatibilityVersion = "Xcode 9.3";
			developmentRegion = en;
			hasScannedForEncodings = 0;
			knownRegions = (
				en,
				Base,
			);
			mainGroup = 859C9F8D261717D6003D5BF4;
			productRefGroup = 859C9F97261717D6003D5BF4 /* Products */;
			projectDirPath = "";
			projectRoot = "";
			targets = (
				859C9F95261717D6003D5BF4 /* CraftList */,
				859C9FAB261717D8003D5BF4 /* CraftListTests */,
				859C9FB6261717D8003D5BF4 /* CraftListUITests */,
			);
		};
/* End PBXProject section */

/* Begin PBXResourcesBuildPhase section */
		859C9F94261717D6003D5BF4 /* Resources */ = {
			isa = PBXResourcesBuildPhase;
			buildActionMask = 2147483647;
			files = (
				859C9FA1261717D8003D5BF4 /* Preview Assets.xcassets in Resources */,
				859C9F9E261717D8003D5BF4 /* Assets.xcassets in Resources */,
			);
			runOnlyForDeploymentPostprocessing = 0;
		};
		859C9FAA261717D8003D5BF4 /* Resources */ = {
			isa = PBXResourcesBuildPhase;
			buildActionMask = 2147483647;
			files = (
			);
			runOnlyForDeploymentPostprocessing = 0;
		};
		859C9FB5261717D8003D5BF4 /* Resources */ = {
			isa = PBXResourcesBuildPhase;
			buildActionMask = 2147483647;
			files = (
			);
			runOnlyForDeploymentPostprocessing = 0;
		};
/* End PBXResourcesBuildPhase section */

/* Begin PBXSourcesBuildPhase section */
		859C9F92261717D6003D5BF4 /* Sources */ = {
			isa = PBXSourcesBuildPhase;
			buildActionMask = 2147483647;
			files = (
				859CA01226185941003D5BF4 /* DataStore.swift in Sources */,
				859C9FE8261729B2003D5BF4 /* ProjectListItemView.swift in Sources */,
				859C9FD6261724E5003D5BF4 /* AddProjectViewModel.swift in Sources */,
				859C9FED26172D35003D5BF4 /* ProjectListItemViewModel.swift in Sources */,
				859C9FF826172EA1003D5BF4 /* ProjectListViewModel.swift in Sources */,
				859CA0432618E674003D5BF4 /* EditNameView.swift in Sources */,
				859CA02326187816003D5BF4 /* ProjectService.swift in Sources */,
				859C9FCD26171A0F003D5BF4 /* AddProjectView.swift in Sources */,
				859CA03C2618A83E003D5BF4 /* ProjectModel.swift in Sources */,
				859C9FA3261717D8003D5BF4 /* Persistence.swift in Sources */,
				859CA0542619BC28003D5BF4 /* EditNameViewModel.swift in Sources */,
				859C9F9C261717D6003D5BF4 /* ProjectListView.swift in Sources */,
				859CA05F2619C641003D5BF4 /* EditDateView.swift in Sources */,
				859C9FA6261717D8003D5BF4 /* CraftList.xcdatamodeld in Sources */,
				859CA00626173A76003D5BF4 /* ProjectDetailsView.swift in Sources */,
				859CA05A2619C0C5003D5BF4 /* EditDateViewModel.swift in Sources */,
				859C9F9A261717D6003D5BF4 /* CraftListApp.swift in Sources */,
				859CA02B2618783B003D5BF4 /* ProjectTransformer.swift in Sources */,
				859CA00126173A56003D5BF4 /* ProjectDetailsViewModel.swift in Sources */,
				859CA01A2618603A003D5BF4 /* ProjectData.swift in Sources */,
				859CA03126187D0E003D5BF4 /* DateFormatter+Extensions.swift in Sources */,
			);
			runOnlyForDeploymentPostprocessing = 0;
		};
		859C9FA8261717D8003D5BF4 /* Sources */ = {
			isa = PBXSourcesBuildPhase;
			buildActionMask = 2147483647;
			files = (
				859CA088261AFEC4003D5BF4 /* EditDateViewModelTests.swift in Sources */,
				859CA090261B023E003D5BF4 /* ProjectDetailsViewModelTests.swift in Sources */,
				859C9FB1261717D8003D5BF4 /* MockDataStore.swift in Sources */,
				859CA07E261AFE1F003D5BF4 /* MockProjectService.swift in Sources */,
				85F5A6DC261B0DA200FE8329 /* ProjectListViewModelTests.swift in Sources */,
				859CA076261AF8F6003D5BF4 /* EditNameViewModelTests.swift in Sources */,
				859CA0652619D700003D5BF4 /* ProjectServiceTests.swift in Sources */,
			);
			runOnlyForDeploymentPostprocessing = 0;
		};
		859C9FB3261717D8003D5BF4 /* Sources */ = {
			isa = PBXSourcesBuildPhase;
			buildActionMask = 2147483647;
			files = (
				859C9FBC261717D8003D5BF4 /* CraftListUITests.swift in Sources */,
			);
			runOnlyForDeploymentPostprocessing = 0;
		};
/* End PBXSourcesBuildPhase section */

/* Begin PBXTargetDependency section */
		859C9FAE261717D8003D5BF4 /* PBXTargetDependency */ = {
			isa = PBXTargetDependency;
			target = 859C9F95261717D6003D5BF4 /* CraftList */;
			targetProxy = 859C9FAD261717D8003D5BF4 /* PBXContainerItemProxy */;
		};
		859C9FB9261717D8003D5BF4 /* PBXTargetDependency */ = {
			isa = PBXTargetDependency;
			target = 859C9F95261717D6003D5BF4 /* CraftList */;
			targetProxy = 859C9FB8261717D8003D5BF4 /* PBXContainerItemProxy */;
		};
/* End PBXTargetDependency section */

/* Begin XCBuildConfiguration section */
		859C9FBE261717D8003D5BF4 /* Debug */ = {
			isa = XCBuildConfiguration;
			buildSettings = {
				ALWAYS_SEARCH_USER_PATHS = NO;
				CLANG_ANALYZER_NONNULL = YES;
				CLANG_ANALYZER_NUMBER_OBJECT_CONVERSION = YES_AGGRESSIVE;
				CLANG_CXX_LANGUAGE_STANDARD = "gnu++14";
				CLANG_CXX_LIBRARY = "libc++";
				CLANG_ENABLE_MODULES = YES;
				CLANG_ENABLE_OBJC_ARC = YES;
				CLANG_ENABLE_OBJC_WEAK = YES;
				CLANG_WARN_BLOCK_CAPTURE_AUTORELEASING = YES;
				CLANG_WARN_BOOL_CONVERSION = YES;
				CLANG_WARN_COMMA = YES;
				CLANG_WARN_CONSTANT_CONVERSION = YES;
				CLANG_WARN_DEPRECATED_OBJC_IMPLEMENTATIONS = YES;
				CLANG_WARN_DIRECT_OBJC_ISA_USAGE = YES_ERROR;
				CLANG_WARN_DOCUMENTATION_COMMENTS = YES;
				CLANG_WARN_EMPTY_BODY = YES;
				CLANG_WARN_ENUM_CONVERSION = YES;
				CLANG_WARN_INFINITE_RECURSION = YES;
				CLANG_WARN_INT_CONVERSION = YES;
				CLANG_WARN_NON_LITERAL_NULL_CONVERSION = YES;
				CLANG_WARN_OBJC_IMPLICIT_RETAIN_SELF = YES;
				CLANG_WARN_OBJC_LITERAL_CONVERSION = YES;
				CLANG_WARN_OBJC_ROOT_CLASS = YES_ERROR;
				CLANG_WARN_QUOTED_INCLUDE_IN_FRAMEWORK_HEADER = YES;
				CLANG_WARN_RANGE_LOOP_ANALYSIS = YES;
				CLANG_WARN_STRICT_PROTOTYPES = YES;
				CLANG_WARN_SUSPICIOUS_MOVE = YES;
				CLANG_WARN_UNGUARDED_AVAILABILITY = YES_AGGRESSIVE;
				CLANG_WARN_UNREACHABLE_CODE = YES;
				CLANG_WARN__DUPLICATE_METHOD_MATCH = YES;
				COPY_PHASE_STRIP = NO;
				DEBUG_INFORMATION_FORMAT = dwarf;
				ENABLE_STRICT_OBJC_MSGSEND = YES;
				ENABLE_TESTABILITY = YES;
				GCC_C_LANGUAGE_STANDARD = gnu11;
				GCC_DYNAMIC_NO_PIC = NO;
				GCC_NO_COMMON_BLOCKS = YES;
				GCC_OPTIMIZATION_LEVEL = 0;
				GCC_PREPROCESSOR_DEFINITIONS = (
					"DEBUG=1",
					"$(inherited)",
				);
				GCC_WARN_64_TO_32_BIT_CONVERSION = YES;
				GCC_WARN_ABOUT_RETURN_TYPE = YES_ERROR;
				GCC_WARN_UNDECLARED_SELECTOR = YES;
				GCC_WARN_UNINITIALIZED_AUTOS = YES_AGGRESSIVE;
				GCC_WARN_UNUSED_FUNCTION = YES;
				GCC_WARN_UNUSED_VARIABLE = YES;
				IPHONEOS_DEPLOYMENT_TARGET = 14.3;
				MTL_ENABLE_DEBUG_INFO = INCLUDE_SOURCE;
				MTL_FAST_MATH = YES;
				ONLY_ACTIVE_ARCH = YES;
				SDKROOT = iphoneos;
				SWIFT_ACTIVE_COMPILATION_CONDITIONS = DEBUG;
				SWIFT_OPTIMIZATION_LEVEL = "-Onone";
			};
			name = Debug;
		};
		859C9FBF261717D8003D5BF4 /* Release */ = {
			isa = XCBuildConfiguration;
			buildSettings = {
				ALWAYS_SEARCH_USER_PATHS = NO;
				CLANG_ANALYZER_NONNULL = YES;
				CLANG_ANALYZER_NUMBER_OBJECT_CONVERSION = YES_AGGRESSIVE;
				CLANG_CXX_LANGUAGE_STANDARD = "gnu++14";
				CLANG_CXX_LIBRARY = "libc++";
				CLANG_ENABLE_MODULES = YES;
				CLANG_ENABLE_OBJC_ARC = YES;
				CLANG_ENABLE_OBJC_WEAK = YES;
				CLANG_WARN_BLOCK_CAPTURE_AUTORELEASING = YES;
				CLANG_WARN_BOOL_CONVERSION = YES;
				CLANG_WARN_COMMA = YES;
				CLANG_WARN_CONSTANT_CONVERSION = YES;
				CLANG_WARN_DEPRECATED_OBJC_IMPLEMENTATIONS = YES;
				CLANG_WARN_DIRECT_OBJC_ISA_USAGE = YES_ERROR;
				CLANG_WARN_DOCUMENTATION_COMMENTS = YES;
				CLANG_WARN_EMPTY_BODY = YES;
				CLANG_WARN_ENUM_CONVERSION = YES;
				CLANG_WARN_INFINITE_RECURSION = YES;
				CLANG_WARN_INT_CONVERSION = YES;
				CLANG_WARN_NON_LITERAL_NULL_CONVERSION = YES;
				CLANG_WARN_OBJC_IMPLICIT_RETAIN_SELF = YES;
				CLANG_WARN_OBJC_LITERAL_CONVERSION = YES;
				CLANG_WARN_OBJC_ROOT_CLASS = YES_ERROR;
				CLANG_WARN_QUOTED_INCLUDE_IN_FRAMEWORK_HEADER = YES;
				CLANG_WARN_RANGE_LOOP_ANALYSIS = YES;
				CLANG_WARN_STRICT_PROTOTYPES = YES;
				CLANG_WARN_SUSPICIOUS_MOVE = YES;
				CLANG_WARN_UNGUARDED_AVAILABILITY = YES_AGGRESSIVE;
				CLANG_WARN_UNREACHABLE_CODE = YES;
				CLANG_WARN__DUPLICATE_METHOD_MATCH = YES;
				COPY_PHASE_STRIP = NO;
				DEBUG_INFORMATION_FORMAT = "dwarf-with-dsym";
				ENABLE_NS_ASSERTIONS = NO;
				ENABLE_STRICT_OBJC_MSGSEND = YES;
				GCC_C_LANGUAGE_STANDARD = gnu11;
				GCC_NO_COMMON_BLOCKS = YES;
				GCC_WARN_64_TO_32_BIT_CONVERSION = YES;
				GCC_WARN_ABOUT_RETURN_TYPE = YES_ERROR;
				GCC_WARN_UNDECLARED_SELECTOR = YES;
				GCC_WARN_UNINITIALIZED_AUTOS = YES_AGGRESSIVE;
				GCC_WARN_UNUSED_FUNCTION = YES;
				GCC_WARN_UNUSED_VARIABLE = YES;
				IPHONEOS_DEPLOYMENT_TARGET = 14.3;
				MTL_ENABLE_DEBUG_INFO = NO;
				MTL_FAST_MATH = YES;
				SDKROOT = iphoneos;
				SWIFT_COMPILATION_MODE = wholemodule;
				SWIFT_OPTIMIZATION_LEVEL = "-O";
				VALIDATE_PRODUCT = YES;
			};
			name = Release;
		};
		859C9FC1261717D8003D5BF4 /* Debug */ = {
			isa = XCBuildConfiguration;
			buildSettings = {
				ASSETCATALOG_COMPILER_APPICON_NAME = AppIcon;
				ASSETCATALOG_COMPILER_GLOBAL_ACCENT_COLOR_NAME = AccentColor;
				CODE_SIGN_STYLE = Automatic;
				DEVELOPMENT_ASSET_PATHS = "\"CraftList/Preview Content\"";
				DEVELOPMENT_TEAM = A7BAGQ5G7Q;
				ENABLE_PREVIEWS = YES;
				INFOPLIST_FILE = CraftList/Info.plist;
				IPHONEOS_DEPLOYMENT_TARGET = 14.0;
				LD_RUNPATH_SEARCH_PATHS = (
					"$(inherited)",
					"@executable_path/Frameworks",
				);
				PRODUCT_BUNDLE_IDENTIFIER = com.lizz.CraftList;
				PRODUCT_NAME = "$(TARGET_NAME)";
				SWIFT_VERSION = 5.0;
				TARGETED_DEVICE_FAMILY = "1,2";
			};
			name = Debug;
		};
		859C9FC2261717D8003D5BF4 /* Release */ = {
			isa = XCBuildConfiguration;
			buildSettings = {
				ASSETCATALOG_COMPILER_APPICON_NAME = AppIcon;
				ASSETCATALOG_COMPILER_GLOBAL_ACCENT_COLOR_NAME = AccentColor;
				CODE_SIGN_STYLE = Automatic;
				DEVELOPMENT_ASSET_PATHS = "\"CraftList/Preview Content\"";
				DEVELOPMENT_TEAM = A7BAGQ5G7Q;
				ENABLE_PREVIEWS = YES;
				INFOPLIST_FILE = CraftList/Info.plist;
				IPHONEOS_DEPLOYMENT_TARGET = 14.0;
				LD_RUNPATH_SEARCH_PATHS = (
					"$(inherited)",
					"@executable_path/Frameworks",
				);
				PRODUCT_BUNDLE_IDENTIFIER = com.lizz.CraftList;
				PRODUCT_NAME = "$(TARGET_NAME)";
				SWIFT_VERSION = 5.0;
				TARGETED_DEVICE_FAMILY = "1,2";
			};
			name = Release;
		};
		859C9FC4261717D8003D5BF4 /* Debug */ = {
			isa = XCBuildConfiguration;
			buildSettings = {
				ALWAYS_EMBED_SWIFT_STANDARD_LIBRARIES = YES;
				BUNDLE_LOADER = "$(TEST_HOST)";
				CODE_SIGN_STYLE = Automatic;
				DEVELOPMENT_TEAM = A7BAGQ5G7Q;
				INFOPLIST_FILE = CraftListTests/Info.plist;
				IPHONEOS_DEPLOYMENT_TARGET = 14.0;
				LD_RUNPATH_SEARCH_PATHS = (
					"$(inherited)",
					"@executable_path/Frameworks",
					"@loader_path/Frameworks",
				);
				PRODUCT_BUNDLE_IDENTIFIER = com.lizz.CraftListTests;
				PRODUCT_NAME = "$(TARGET_NAME)";
				SWIFT_VERSION = 5.0;
				TARGETED_DEVICE_FAMILY = "1,2";
				TEST_HOST = "$(BUILT_PRODUCTS_DIR)/CraftList.app/CraftList";
			};
			name = Debug;
		};
		859C9FC5261717D8003D5BF4 /* Release */ = {
			isa = XCBuildConfiguration;
			buildSettings = {
				ALWAYS_EMBED_SWIFT_STANDARD_LIBRARIES = YES;
				BUNDLE_LOADER = "$(TEST_HOST)";
				CODE_SIGN_STYLE = Automatic;
				DEVELOPMENT_TEAM = A7BAGQ5G7Q;
				INFOPLIST_FILE = CraftListTests/Info.plist;
				IPHONEOS_DEPLOYMENT_TARGET = 14.0;
				LD_RUNPATH_SEARCH_PATHS = (
					"$(inherited)",
					"@executable_path/Frameworks",
					"@loader_path/Frameworks",
				);
				PRODUCT_BUNDLE_IDENTIFIER = com.lizz.CraftListTests;
				PRODUCT_NAME = "$(TARGET_NAME)";
				SWIFT_VERSION = 5.0;
				TARGETED_DEVICE_FAMILY = "1,2";
				TEST_HOST = "$(BUILT_PRODUCTS_DIR)/CraftList.app/CraftList";
			};
			name = Release;
		};
		859C9FC7261717D8003D5BF4 /* Debug */ = {
			isa = XCBuildConfiguration;
			buildSettings = {
				ALWAYS_EMBED_SWIFT_STANDARD_LIBRARIES = YES;
				CODE_SIGN_STYLE = Automatic;
				DEVELOPMENT_TEAM = A7BAGQ5G7Q;
				INFOPLIST_FILE = CraftListUITests/Info.plist;
				LD_RUNPATH_SEARCH_PATHS = (
					"$(inherited)",
					"@executable_path/Frameworks",
					"@loader_path/Frameworks",
				);
				PRODUCT_BUNDLE_IDENTIFIER = com.lizz.CraftListUITests;
				PRODUCT_NAME = "$(TARGET_NAME)";
				SWIFT_VERSION = 5.0;
				TARGETED_DEVICE_FAMILY = "1,2";
				TEST_TARGET_NAME = CraftList;
			};
			name = Debug;
		};
		859C9FC8261717D8003D5BF4 /* Release */ = {
			isa = XCBuildConfiguration;
			buildSettings = {
				ALWAYS_EMBED_SWIFT_STANDARD_LIBRARIES = YES;
				CODE_SIGN_STYLE = Automatic;
				DEVELOPMENT_TEAM = A7BAGQ5G7Q;
				INFOPLIST_FILE = CraftListUITests/Info.plist;
				LD_RUNPATH_SEARCH_PATHS = (
					"$(inherited)",
					"@executable_path/Frameworks",
					"@loader_path/Frameworks",
				);
				PRODUCT_BUNDLE_IDENTIFIER = com.lizz.CraftListUITests;
				PRODUCT_NAME = "$(TARGET_NAME)";
				SWIFT_VERSION = 5.0;
				TARGETED_DEVICE_FAMILY = "1,2";
				TEST_TARGET_NAME = CraftList;
			};
			name = Release;
		};
/* End XCBuildConfiguration section */

/* Begin XCConfigurationList section */
		859C9F91261717D6003D5BF4 /* Build configuration list for PBXProject "CraftList" */ = {
			isa = XCConfigurationList;
			buildConfigurations = (
				859C9FBE261717D8003D5BF4 /* Debug */,
				859C9FBF261717D8003D5BF4 /* Release */,
			);
			defaultConfigurationIsVisible = 0;
			defaultConfigurationName = Release;
		};
		859C9FC0261717D8003D5BF4 /* Build configuration list for PBXNativeTarget "CraftList" */ = {
			isa = XCConfigurationList;
			buildConfigurations = (
				859C9FC1261717D8003D5BF4 /* Debug */,
				859C9FC2261717D8003D5BF4 /* Release */,
			);
			defaultConfigurationIsVisible = 0;
			defaultConfigurationName = Release;
		};
		859C9FC3261717D8003D5BF4 /* Build configuration list for PBXNativeTarget "CraftListTests" */ = {
			isa = XCConfigurationList;
			buildConfigurations = (
				859C9FC4261717D8003D5BF4 /* Debug */,
				859C9FC5261717D8003D5BF4 /* Release */,
			);
			defaultConfigurationIsVisible = 0;
			defaultConfigurationName = Release;
		};
		859C9FC6261717D8003D5BF4 /* Build configuration list for PBXNativeTarget "CraftListUITests" */ = {
			isa = XCConfigurationList;
			buildConfigurations = (
				859C9FC7261717D8003D5BF4 /* Debug */,
				859C9FC8261717D8003D5BF4 /* Release */,
			);
			defaultConfigurationIsVisible = 0;
			defaultConfigurationName = Release;
		};
/* End XCConfigurationList section */

/* Begin XCVersionGroup section */
		859C9FA4261717D8003D5BF4 /* CraftList.xcdatamodeld */ = {
			isa = XCVersionGroup;
			children = (
				859C9FA5261717D8003D5BF4 /* CraftList.xcdatamodel */,
			);
			currentVersion = 859C9FA5261717D8003D5BF4 /* CraftList.xcdatamodel */;
			path = CraftList.xcdatamodeld;
			sourceTree = "<group>";
			versionGroupType = wrapper.xcdatamodel;
		};
/* End XCVersionGroup section */
	};
	rootObject = 859C9F8E261717D6003D5BF4 /* Project object */;
}
